
Microsoft Visual Studio Solution File, Format Version 12.00
# Visual Studio 15
VisualStudioVersion = 15.0.28307.136
MinimumVisualStudioVersion = 10.0.40219.1
Project("{2150E333-8FDC-42A3-9474-1A3956D46DE8}") = "src", "src", "{93E24B7F-DE3E-4FBB-9EB4-92A0258397B6}"
EndProject
Project("{2150E333-8FDC-42A3-9474-1A3956D46DE8}") = "tests", "tests", "{E0315440-BA84-40AE-8803-92812177EE73}"
EndProject
Project("{FAE04EC0-301F-11D3-BF4B-00C04F79EFBC}") = "PicSort.Core", "PicSort.Core\PicSort.Core.csproj", "{B373C891-F46A-41A5-B00B-C8A82CBA22C9}"
EndProject
Project("{FAE04EC0-301F-11D3-BF4B-00C04F79EFBC}") = "PicSort.Core.UnitTests", "PicSort.Core.UnitTests\PicSort.Core.UnitTests.csproj", "{0BD4DBEE-41B8-4E97-A014-60B801840EEC}"
EndProject
Global
	GlobalSection(SolutionConfigurationPlatforms) = preSolution
		Debug|Any CPU = Debug|Any CPU
		Release|Any CPU = Release|Any CPU
	EndGlobalSection
	GlobalSection(ProjectConfigurationPlatforms) = postSolution
		{B373C891-F46A-41A5-B00B-C8A82CBA22C9}.Debug|Any CPU.ActiveCfg = Debug|Any CPU
		{B373C891-F46A-41A5-B00B-C8A82CBA22C9}.Debug|Any CPU.Build.0 = Debug|Any CPU
		{B373C891-F46A-41A5-B00B-C8A82CBA22C9}.Release|Any CPU.ActiveCfg = Release|Any CPU
		{B373C891-F46A-41A5-B00B-C8A82CBA22C9}.Release|Any CPU.Build.0 = Release|Any CPU
		{0BD4DBEE-41B8-4E97-A014-60B801840EEC}.Debug|Any CPU.ActiveCfg = Debug|Any CPU
		{0BD4DBEE-41B8-4E97-A014-60B801840EEC}.Debug|Any CPU.Build.0 = Debug|Any CPU
		{0BD4DBEE-41B8-4E97-A014-60B801840EEC}.Release|Any CPU.ActiveCfg = Release|Any CPU
		{0BD4DBEE-41B8-4E97-A014-60B801840EEC}.Release|Any CPU.Build.0 = Release|Any CPU
	EndGlobalSection
	GlobalSection(SolutionProperties) = preSolution
		HideSolutionNode = FALSE
	EndGlobalSection
	GlobalSection(NestedProjects) = preSolution
		{B373C891-F46A-41A5-B00B-C8A82CBA22C9} = {93E24B7F-DE3E-4FBB-9EB4-92A0258397B6}
		{0BD4DBEE-41B8-4E97-A014-60B801840EEC} = {E0315440-BA84-40AE-8803-92812177EE73}
	EndGlobalSection
	GlobalSection(ExtensibilityGlobals) = postSolution
		SolutionGuid = {B858258D-28BC-45C2-BDF9-34DD35B11783}
	EndGlobalSection
EndGlobal
